
Microsoft Visual Studio Solution File, Format Version 12.00
# Visual Studio Version 17
VisualStudioVersion = 17.2.32630.192
MinimumVisualStudioVersion = 10.0.40219.1
Project("{2150E333-8FDC-42A3-9474-1A3956D46DE8}") = "Application", "Application", "{03301FBE-7238-4631-B945-C3690ECB28FB}"
EndProject
Project("{2150E333-8FDC-42A3-9474-1A3956D46DE8}") = "Domain", "Domain", "{8BCAD6C8-7D0B-403C-8612-4A8922EC7701}"
EndProject
Project("{2150E333-8FDC-42A3-9474-1A3956D46DE8}") = "Infrastructure.IOC", "Infrastructure.IOC", "{CCB20BD9-A514-4684-A881-76874A7DD9D6}"
EndProject
Project("{2150E333-8FDC-42A3-9474-1A3956D46DE8}") = "Infrastructure.Data", "Infrastructure.Data", "{752B6903-B885-4E9A-B5CD-DD5D79204B8A}"
EndProject
Project("{2150E333-8FDC-42A3-9474-1A3956D46DE8}") = "Presentation", "Presentation", "{F171321B-33B7-41AA-9C3C-861A4E5AB51E}"
EndProject
Project("{9A19103F-16F7-4668-BE54-9A1E7A4F7556}") = "CleanArchitecture.MVC", "CleanArchitecture.MVC\CleanArchitecture.MVC.csproj", "{A253F53C-3960-4AEE-BD37-F853227C1722}"
EndProject
Project("{9A19103F-16F7-4668-BE54-9A1E7A4F7556}") = "CleanArch.Domain", "CleanArch.Domain\CleanArch.Domain.csproj", "{D20A27F1-BAE8-4DBB-80E4-A3CEEAFC9D80}"
EndProject
Project("{9A19103F-16F7-4668-BE54-9A1E7A4F7556}") = "CleanArch.Infrastructure.Data", "CleanArch.Infrastructure.Data\CleanArch.Infrastructure.Data.csproj", "{3F438E90-90FE-4BD9-B23C-D16AB3E71BA6}"
EndProject
Project("{FAE04EC0-301F-11D3-BF4B-00C04F79EFBC}") = "CleanArch.Application", "CleanArch.Application\CleanArch.Application.csproj", "{8D186B74-38FB-4C50-B931-C2187ADA5D9B}"
EndProject
Project("{FAE04EC0-301F-11D3-BF4B-00C04F79EFBC}") = "CleanArch.Infrastructure.IOC", "CleanArch.Infrastructure.IOC\CleanArch.Infrastructure.IOC.csproj", "{FD714EE0-9C86-4A22-9D23-9E8BEE63BF8B}"
EndProject
Global
	GlobalSection(SolutionConfigurationPlatforms) = preSolution
		Debug|Any CPU = Debug|Any CPU
		Release|Any CPU = Release|Any CPU
	EndGlobalSection
	GlobalSection(ProjectConfigurationPlatforms) = postSolution
		{A253F53C-3960-4AEE-BD37-F853227C1722}.Debug|Any CPU.ActiveCfg = Debug|Any CPU
		{A253F53C-3960-4AEE-BD37-F853227C1722}.Debug|Any CPU.Build.0 = Debug|Any CPU
		{A253F53C-3960-4AEE-BD37-F853227C1722}.Release|Any CPU.ActiveCfg = Release|Any CPU
		{A253F53C-3960-4AEE-BD37-F853227C1722}.Release|Any CPU.Build.0 = Release|Any CPU
		{D20A27F1-BAE8-4DBB-80E4-A3CEEAFC9D80}.Debug|Any CPU.ActiveCfg = Debug|Any CPU
		{D20A27F1-BAE8-4DBB-80E4-A3CEEAFC9D80}.Debug|Any CPU.Build.0 = Debug|Any CPU
		{D20A27F1-BAE8-4DBB-80E4-A3CEEAFC9D80}.Release|Any CPU.ActiveCfg = Release|Any CPU
		{D20A27F1-BAE8-4DBB-80E4-A3CEEAFC9D80}.Release|Any CPU.Build.0 = Release|Any CPU
		{3F438E90-90FE-4BD9-B23C-D16AB3E71BA6}.Debug|Any CPU.ActiveCfg = Debug|Any CPU
		{3F438E90-90FE-4BD9-B23C-D16AB3E71BA6}.Debug|Any CPU.Build.0 = Debug|Any CPU
		{3F438E90-90FE-4BD9-B23C-D16AB3E71BA6}.Release|Any CPU.ActiveCfg = Release|Any CPU
		{3F438E90-90FE-4BD9-B23C-D16AB3E71BA6}.Release|Any CPU.Build.0 = Release|Any CPU
		{8D186B74-38FB-4C50-B931-C2187ADA5D9B}.Debug|Any CPU.ActiveCfg = Debug|Any CPU
		{8D186B74-38FB-4C50-B931-C2187ADA5D9B}.Debug|Any CPU.Build.0 = Debug|Any CPU
		{8D186B74-38FB-4C50-B931-C2187ADA5D9B}.Release|Any CPU.ActiveCfg = Release|Any CPU
		{8D186B74-38FB-4C50-B931-C2187ADA5D9B}.Release|Any CPU.Build.0 = Release|Any CPU
		{FD714EE0-9C86-4A22-9D23-9E8BEE63BF8B}.Debug|Any CPU.ActiveCfg = Debug|Any CPU
		{FD714EE0-9C86-4A22-9D23-9E8BEE63BF8B}.Debug|Any CPU.Build.0 = Debug|Any CPU
		{FD714EE0-9C86-4A22-9D23-9E8BEE63BF8B}.Release|Any CPU.ActiveCfg = Release|Any CPU
		{FD714EE0-9C86-4A22-9D23-9E8BEE63BF8B}.Release|Any CPU.Build.0 = Release|Any CPU
	EndGlobalSection
	GlobalSection(SolutionProperties) = preSolution
		HideSolutionNode = FALSE
	EndGlobalSection
	GlobalSection(NestedProjects) = preSolution
		{A253F53C-3960-4AEE-BD37-F853227C1722} = {F171321B-33B7-41AA-9C3C-861A4E5AB51E}
		{D20A27F1-BAE8-4DBB-80E4-A3CEEAFC9D80} = {8BCAD6C8-7D0B-403C-8612-4A8922EC7701}
		{3F438E90-90FE-4BD9-B23C-D16AB3E71BA6} = {752B6903-B885-4E9A-B5CD-DD5D79204B8A}
		{8D186B74-38FB-4C50-B931-C2187ADA5D9B} = {03301FBE-7238-4631-B945-C3690ECB28FB}
		{FD714EE0-9C86-4A22-9D23-9E8BEE63BF8B} = {CCB20BD9-A514-4684-A881-76874A7DD9D6}
	EndGlobalSection
	GlobalSection(ExtensibilityGlobals) = postSolution
		SolutionGuid = {76D34CB8-FE3D-4667-9E46-C0A96B540F24}
	EndGlobalSection
EndGlobal
